// !$*UTF8*$!
{
	archiveVersion = 1;
	classes = {
	};
	objectVersion = 56;
	objects = {

/* Begin PBXBuildFile section */
		8F3C2E5F2B8FB45C00BFD83D /* AppDelegate.swift in Sources */ = {isa = PBXBuildFile; fileRef = 8F3C2E5E2B8FB45C00BFD83D /* AppDelegate.swift */; };
		8F3C2E612B8FB45C00BFD83D /* SceneDelegate.swift in Sources */ = {isa = PBXBuildFile; fileRef = 8F3C2E602B8FB45C00BFD83D /* SceneDelegate.swift */; };
		8F3C2E632B8FB45C00BFD83D /* ViewController.swift in Sources */ = {isa = PBXBuildFile; fileRef = 8F3C2E622B8FB45C00BFD83D /* ViewController.swift */; };
		8F3C2E662B8FB45C00BFD83D /* Main.storyboard in Resources */ = {isa = PBXBuildFile; fileRef = 8F3C2E642B8FB45C00BFD83D /* Main.storyboard */; };
		8F3C2E682B8FB45F00BFD83D /* Assets.xcassets in Resources */ = {isa = PBXBuildFile; fileRef = 8F3C2E672B8FB45F00BFD83D /* Assets.xcassets */; };
		8F3C2E6B2B8FB45F00BFD83D /* LaunchScreen.storyboard in Resources */ = {isa = PBXBuildFile; fileRef = 8F3C2E692B8FB45F00BFD83D /* LaunchScreen.storyboard */; };
		8F3C2E762B8FB45F00BFD83D /* tableViewMiniAppTests.swift in Sources */ = {isa = PBXBuildFile; fileRef = 8F3C2E752B8FB45F00BFD83D /* tableViewMiniAppTests.swift */; };
		8F3C2E802B8FB46000BFD83D /* tableViewMiniAppUITests.swift in Sources */ = {isa = PBXBuildFile; fileRef = 8F3C2E7F2B8FB46000BFD83D /* tableViewMiniAppUITests.swift */; };
		8F3C2E822B8FB46000BFD83D /* tableViewMiniAppUITestsLaunchTests.swift in Sources */ = {isa = PBXBuildFile; fileRef = 8F3C2E812B8FB46000BFD83D /* tableViewMiniAppUITestsLaunchTests.swift */; };
		8F3C2E8F2B8FB86300BFD83D /* TableViewController.swift in Sources */ = {isa = PBXBuildFile; fileRef = 8F3C2E8E2B8FB86300BFD83D /* TableViewController.swift */; };
/* End PBXBuildFile section */

/* Begin PBXContainerItemProxy section */
		8F3C2E722B8FB45F00BFD83D /* PBXContainerItemProxy */ = {
			isa = PBXContainerItemProxy;
			containerPortal = 8F3C2E532B8FB45C00BFD83D /* Project object */;
			proxyType = 1;
			remoteGlobalIDString = 8F3C2E5A2B8FB45C00BFD83D;
			remoteInfo = tableViewMiniApp;
		};
		8F3C2E7C2B8FB46000BFD83D /* PBXContainerItemProxy */ = {
			isa = PBXContainerItemProxy;
			containerPortal = 8F3C2E532B8FB45C00BFD83D /* Project object */;
			proxyType = 1;
			remoteGlobalIDString = 8F3C2E5A2B8FB45C00BFD83D;
			remoteInfo = tableViewMiniApp;
		};
/* End PBXContainerItemProxy section */

/* Begin PBXFileReference section */
		8F3C2E5B2B8FB45C00BFD83D /* tableViewMiniApp.app */ = {isa = PBXFileReference; explicitFileType = wrapper.application; includeInIndex = 0; path = tableViewMiniApp.app; sourceTree = BUILT_PRODUCTS_DIR; };
		8F3C2E5E2B8FB45C00BFD83D /* AppDelegate.swift */ = {isa = PBXFileReference; lastKnownFileType = sourcecode.swift; path = AppDelegate.swift; sourceTree = "<group>"; };
		8F3C2E602B8FB45C00BFD83D /* SceneDelegate.swift */ = {isa = PBXFileReference; lastKnownFileType = sourcecode.swift; path = SceneDelegate.swift; sourceTree = "<group>"; };
		8F3C2E622B8FB45C00BFD83D /* ViewController.swift */ = {isa = PBXFileReference; lastKnownFileType = sourcecode.swift; path = ViewController.swift; sourceTree = "<group>"; };
		8F3C2E652B8FB45C00BFD83D /* Base */ = {isa = PBXFileReference; lastKnownFileType = file.storyboard; name = Base; path = Base.lproj/Main.storyboard; sourceTree = "<group>"; };
		8F3C2E672B8FB45F00BFD83D /* Assets.xcassets */ = {isa = PBXFileReference; lastKnownFileType = folder.assetcatalog; path = Assets.xcassets; sourceTree = "<group>"; };
		8F3C2E6A2B8FB45F00BFD83D /* Base */ = {isa = PBXFileReference; lastKnownFileType = file.storyboard; name = Base; path = Base.lproj/LaunchScreen.storyboard; sourceTree = "<group>"; };
		8F3C2E6C2B8FB45F00BFD83D /* Info.plist */ = {isa = PBXFileReference; lastKnownFileType = text.plist.xml; path = Info.plist; sourceTree = "<group>"; };
		8F3C2E712B8FB45F00BFD83D /* tableViewMiniAppTests.xctest */ = {isa = PBXFileReference; explicitFileType = wrapper.cfbundle; includeInIndex = 0; path = tableViewMiniAppTests.xctest; sourceTree = BUILT_PRODUCTS_DIR; };
		8F3C2E752B8FB45F00BFD83D /* tableViewMiniAppTests.swift */ = {isa = PBXFileReference; lastKnownFileType = sourcecode.swift; path = tableViewMiniAppTests.swift; sourceTree = "<group>"; };
		8F3C2E7B2B8FB46000BFD83D /* tableViewMiniAppUITests.xctest */ = {isa = PBXFileReference; explicitFileType = wrapper.cfbundle; includeInIndex = 0; path = tableViewMiniAppUITests.xctest; sourceTree = BUILT_PRODUCTS_DIR; };
		8F3C2E7F2B8FB46000BFD83D /* tableViewMiniAppUITests.swift */ = {isa = PBXFileReference; lastKnownFileType = sourcecode.swift; path = tableViewMiniAppUITests.swift; sourceTree = "<group>"; };
		8F3C2E812B8FB46000BFD83D /* tableViewMiniAppUITestsLaunchTests.swift */ = {isa = PBXFileReference; lastKnownFileType = sourcecode.swift; path = tableViewMiniAppUITestsLaunchTests.swift; sourceTree = "<group>"; };
		8F3C2E8E2B8FB86300BFD83D /* TableViewController.swift */ = {isa = PBXFileReference; lastKnownFileType = sourcecode.swift; path = TableViewController.swift; sourceTree = "<group>"; };
/* End PBXFileReference section */

/* Begin PBXFrameworksBuildPhase section */
		8F3C2E582B8FB45C00BFD83D /* Frameworks */ = {
			isa = PBXFrameworksBuildPhase;
			buildActionMask = 2147483647;
			files = (
			);
			runOnlyForDeploymentPostprocessing = 0;
		};
		8F3C2E6E2B8FB45F00BFD83D /* Frameworks */ = {
			isa = PBXFrameworksBuildPhase;
			buildActionMask = 2147483647;
			files = (
			);
			runOnlyForDeploymentPostprocessing = 0;
		};
		8F3C2E782B8FB46000BFD83D /* Frameworks */ = {
			isa = PBXFrameworksBuildPhase;
			buildActionMask = 2147483647;
			files = (
			);
			runOnlyForDeploymentPostprocessing = 0;
		};
/* End PBXFrameworksBuildPhase section */

/* Begin PBXGroup section */
		8F3C2E522B8FB45C00BFD83D = {
			isa = PBXGroup;
			children = (
				8F3C2E5D2B8FB45C00BFD83D /* tableViewMiniApp */,
				8F3C2E742B8FB45F00BFD83D /* tableViewMiniAppTests */,
				8F3C2E7E2B8FB46000BFD83D /* tableViewMiniAppUITests */,
				8F3C2E5C2B8FB45C00BFD83D /* Products */,
			);
			sourceTree = "<group>";
		};
		8F3C2E5C2B8FB45C00BFD83D /* Products */ = {
			isa = PBXGroup;
			children = (
				8F3C2E5B2B8FB45C00BFD83D /* tableViewMiniApp.app */,
				8F3C2E712B8FB45F00BFD83D /* tableViewMiniAppTests.xctest */,
				8F3C2E7B2B8FB46000BFD83D /* tableViewMiniAppUITests.xctest */,
			);
			name = Products;
			sourceTree = "<group>";
		};
		8F3C2E5D2B8FB45C00BFD83D /* tableViewMiniApp */ = {
			isa = PBXGroup;
			children = (
				8F3C2E5E2B8FB45C00BFD83D /* AppDelegate.swift */,
				8F3C2E602B8FB45C00BFD83D /* SceneDelegate.swift */,
				8F3C2E622B8FB45C00BFD83D /* ViewController.swift */,
				8F3C2E8E2B8FB86300BFD83D /* TableViewController.swift */,
				8F3C2E642B8FB45C00BFD83D /* Main.storyboard */,
				8F3C2E672B8FB45F00BFD83D /* Assets.xcassets */,
				8F3C2E692B8FB45F00BFD83D /* LaunchScreen.storyboard */,
				8F3C2E6C2B8FB45F00BFD83D /* Info.plist */,
			);
			path = tableViewMiniApp;
			sourceTree = "<group>";
		};
		8F3C2E742B8FB45F00BFD83D /* tableViewMiniAppTests */ = {
			isa = PBXGroup;
			children = (
				8F3C2E752B8FB45F00BFD83D /* tableViewMiniAppTests.swift */,
			);
			path = tableViewMiniAppTests;
			sourceTree = "<group>";
		};
		8F3C2E7E2B8FB46000BFD83D /* tableViewMiniAppUITests */ = {
			isa = PBXGroup;
			children = (
				8F3C2E7F2B8FB46000BFD83D /* tableViewMiniAppUITests.swift */,
				8F3C2E812B8FB46000BFD83D /* tableViewMiniAppUITestsLaunchTests.swift */,
			);
			path = tableViewMiniAppUITests;
			sourceTree = "<group>";
		};
/* End PBXGroup section */

/* Begin PBXNativeTarget section */
		8F3C2E5A2B8FB45C00BFD83D /* tableViewMiniApp */ = {
			isa = PBXNativeTarget;
			buildConfigurationList = 8F3C2E852B8FB46000BFD83D /* Build configuration list for PBXNativeTarget "tableViewMiniApp" */;
			buildPhases = (
				8F3C2E572B8FB45C00BFD83D /* Sources */,
				8F3C2E582B8FB45C00BFD83D /* Frameworks */,
				8F3C2E592B8FB45C00BFD83D /* Resources */,
			);
			buildRules = (
			);
			dependencies = (
			);
			name = tableViewMiniApp;
			productName = tableViewMiniApp;
			productReference = 8F3C2E5B2B8FB45C00BFD83D /* tableViewMiniApp.app */;
			productType = "com.apple.product-type.application";
		};
		8F3C2E702B8FB45F00BFD83D /* tableViewMiniAppTests */ = {
			isa = PBXNativeTarget;
			buildConfigurationList = 8F3C2E882B8FB46000BFD83D /* Build configuration list for PBXNativeTarget "tableViewMiniAppTests" */;
			buildPhases = (
				8F3C2E6D2B8FB45F00BFD83D /* Sources */,
				8F3C2E6E2B8FB45F00BFD83D /* Frameworks */,
				8F3C2E6F2B8FB45F00BFD83D /* Resources */,
			);
			buildRules = (
			);
			dependencies = (
				8F3C2E732B8FB45F00BFD83D /* PBXTargetDependency */,
			);
			name = tableViewMiniAppTests;
			productName = tableViewMiniAppTests;
			productReference = 8F3C2E712B8FB45F00BFD83D /* tableViewMiniAppTests.xctest */;
			productType = "com.apple.product-type.bundle.unit-test";
		};
		8F3C2E7A2B8FB46000BFD83D /* tableViewMiniAppUITests */ = {
			isa = PBXNativeTarget;
			buildConfigurationList = 8F3C2E8B2B8FB46000BFD83D /* Build configuration list for PBXNativeTarget "tableViewMiniAppUITests" */;
			buildPhases = (
				8F3C2E772B8FB46000BFD83D /* Sources */,
				8F3C2E782B8FB46000BFD83D /* Frameworks */,
				8F3C2E792B8FB46000BFD83D /* Resources */,
			);
			buildRules = (
			);
			dependencies = (
				8F3C2E7D2B8FB46000BFD83D /* PBXTargetDependency */,
			);
			name = tableViewMiniAppUITests;
			productName = tableViewMiniAppUITests;
			productReference = 8F3C2E7B2B8FB46000BFD83D /* tableViewMiniAppUITests.xctest */;
			productType = "com.apple.product-type.bundle.ui-testing";
		};
/* End PBXNativeTarget section */

/* Begin PBXProject section */
		8F3C2E532B8FB45C00BFD83D /* Project object */ = {
			isa = PBXProject;
			attributes = {
				BuildIndependentTargetsInParallel = 1;
				LastSwiftUpdateCheck = 1520;
				LastUpgradeCheck = 1520;
				TargetAttributes = {
					8F3C2E5A2B8FB45C00BFD83D = {
						CreatedOnToolsVersion = 15.2;
					};
					8F3C2E702B8FB45F00BFD83D = {
						CreatedOnToolsVersion = 15.2;
						TestTargetID = 8F3C2E5A2B8FB45C00BFD83D;
					};
					8F3C2E7A2B8FB46000BFD83D = {
						CreatedOnToolsVersion = 15.2;
						TestTargetID = 8F3C2E5A2B8FB45C00BFD83D;
					};
				};
			};
			buildConfigurationList = 8F3C2E562B8FB45C00BFD83D /* Build configuration list for PBXProject "tableViewMiniApp" */;
			compatibilityVersion = "Xcode 14.0";
			developmentRegion = en;
			hasScannedForEncodings = 0;
			knownRegions = (
				en,
				Base,
			);
			mainGroup = 8F3C2E522B8FB45C00BFD83D;
			productRefGroup = 8F3C2E5C2B8FB45C00BFD83D /* Products */;
			projectDirPath = "";
			projectRoot = "";
			targets = (
				8F3C2E5A2B8FB45C00BFD83D /* tableViewMiniApp */,
				8F3C2E702B8FB45F00BFD83D /* tableViewMiniAppTests */,
				8F3C2E7A2B8FB46000BFD83D /* tableViewMiniAppUITests */,
			);
		};
/* End PBXProject section */

/* Begin PBXResourcesBuildPhase section */
		8F3C2E592B8FB45C00BFD83D /* Resources */ = {
			isa = PBXResourcesBuildPhase;
			buildActionMask = 2147483647;
			files = (
				8F3C2E6B2B8FB45F00BFD83D /* LaunchScreen.storyboard in Resources */,
				8F3C2E682B8FB45F00BFD83D /* Assets.xcassets in Resources */,
				8F3C2E662B8FB45C00BFD83D /* Main.storyboard in Resources */,
			);
			runOnlyForDeploymentPostprocessing = 0;
		};
		8F3C2E6F2B8FB45F00BFD83D /* Resources */ = {
			isa = PBXResourcesBuildPhase;
			buildActionMask = 2147483647;
			files = (
			);
			runOnlyForDeploymentPostprocessing = 0;
		};
		8F3C2E792B8FB46000BFD83D /* Resources */ = {
			isa = PBXResourcesBuildPhase;
			buildActionMask = 2147483647;
			files = (
			);
			runOnlyForDeploymentPostprocessing = 0;
		};
/* End PBXResourcesBuildPhase section */

/* Begin PBXSourcesBuildPhase section */
		8F3C2E572B8FB45C00BFD83D /* Sources */ = {
			isa = PBXSourcesBuildPhase;
			buildActionMask = 2147483647;
			files = (
				8F3C2E632B8FB45C00BFD83D /* ViewController.swift in Sources */,
				8F3C2E5F2B8FB45C00BFD83D /* AppDelegate.swift in Sources */,
				8F3C2E612B8FB45C00BFD83D /* SceneDelegate.swift in Sources */,
				8F3C2E8F2B8FB86300BFD83D /* TableViewController.swift in Sources */,
			);
			runOnlyForDeploymentPostprocessing = 0;
		};
		8F3C2E6D2B8FB45F00BFD83D /* Sources */ = {
			isa = PBXSourcesBuildPhase;
			buildActionMask = 2147483647;
			files = (
				8F3C2E762B8FB45F00BFD83D /* tableViewMiniAppTests.swift in Sources */,
			);
			runOnlyForDeploymentPostprocessing = 0;
		};
		8F3C2E772B8FB46000BFD83D /* Sources */ = {
			isa = PBXSourcesBuildPhase;
			buildActionMask = 2147483647;
			files = (
				8F3C2E802B8FB46000BFD83D /* tableViewMiniAppUITests.swift in Sources */,
				8F3C2E822B8FB46000BFD83D /* tableViewMiniAppUITestsLaunchTests.swift in Sources */,
			);
			runOnlyForDeploymentPostprocessing = 0;
		};
/* End PBXSourcesBuildPhase section */

/* Begin PBXTargetDependency section */
		8F3C2E732B8FB45F00BFD83D /* PBXTargetDependency */ = {
			isa = PBXTargetDependency;
			target = 8F3C2E5A2B8FB45C00BFD83D /* tableViewMiniApp */;
			targetProxy = 8F3C2E722B8FB45F00BFD83D /* PBXContainerItemProxy */;
		};
		8F3C2E7D2B8FB46000BFD83D /* PBXTargetDependency */ = {
			isa = PBXTargetDependency;
			target = 8F3C2E5A2B8FB45C00BFD83D /* tableViewMiniApp */;
			targetProxy = 8F3C2E7C2B8FB46000BFD83D /* PBXContainerItemProxy */;
		};
/* End PBXTargetDependency section */

/* Begin PBXVariantGroup section */
		8F3C2E642B8FB45C00BFD83D /* Main.storyboard */ = {
			isa = PBXVariantGroup;
			children = (
				8F3C2E652B8FB45C00BFD83D /* Base */,
			);
			name = Main.storyboard;
			sourceTree = "<group>";
		};
		8F3C2E692B8FB45F00BFD83D /* LaunchScreen.storyboard */ = {
			isa = PBXVariantGroup;
			children = (
				8F3C2E6A2B8FB45F00BFD83D /* Base */,
			);
			name = LaunchScreen.storyboard;
			sourceTree = "<group>";
		};
/* End PBXVariantGroup section */

/* Begin XCBuildConfiguration section */
		8F3C2E832B8FB46000BFD83D /* Debug */ = {
			isa = XCBuildConfiguration;
			buildSettings = {
				ALWAYS_SEARCH_USER_PATHS = NO;
				ASSETCATALOG_COMPILER_GENERATE_SWIFT_ASSET_SYMBOL_EXTENSIONS = YES;
				CLANG_ANALYZER_NONNULL = YES;
				CLANG_ANALYZER_NUMBER_OBJECT_CONVERSION = YES_AGGRESSIVE;
				CLANG_CXX_LANGUAGE_STANDARD = "gnu++20";
				CLANG_ENABLE_MODULES = YES;
				CLANG_ENABLE_OBJC_ARC = YES;
				CLANG_ENABLE_OBJC_WEAK = YES;
				CLANG_WARN_BLOCK_CAPTURE_AUTORELEASING = YES;
				CLANG_WARN_BOOL_CONVERSION = YES;
				CLANG_WARN_COMMA = YES;
				CLANG_WARN_CONSTANT_CONVERSION = YES;
				CLANG_WARN_DEPRECATED_OBJC_IMPLEMENTATIONS = YES;
				CLANG_WARN_DIRECT_OBJC_ISA_USAGE = YES_ERROR;
				CLANG_WARN_DOCUMENTATION_COMMENTS = YES;
				CLANG_WARN_EMPTY_BODY = YES;
				CLANG_WARN_ENUM_CONVERSION = YES;
				CLANG_WARN_INFINITE_RECURSION = YES;
				CLANG_WARN_INT_CONVERSION = YES;
				CLANG_WARN_NON_LITERAL_NULL_CONVERSION = YES;
				CLANG_WARN_OBJC_IMPLICIT_RETAIN_SELF = YES;
				CLANG_WARN_OBJC_LITERAL_CONVERSION = YES;
				CLANG_WARN_OBJC_ROOT_CLASS = YES_ERROR;
				CLANG_WARN_QUOTED_INCLUDE_IN_FRAMEWORK_HEADER = YES;
				CLANG_WARN_RANGE_LOOP_ANALYSIS = YES;
				CLANG_WARN_STRICT_PROTOTYPES = YES;
				CLANG_WARN_SUSPICIOUS_MOVE = YES;
				CLANG_WARN_UNGUARDED_AVAILABILITY = YES_AGGRESSIVE;
				CLANG_WARN_UNREACHABLE_CODE = YES;
				CLANG_WARN__DUPLICATE_METHOD_MATCH = YES;
				COPY_PHASE_STRIP = NO;
				DEBUG_INFORMATION_FORMAT = dwarf;
				ENABLE_STRICT_OBJC_MSGSEND = YES;
				ENABLE_TESTABILITY = YES;
				ENABLE_USER_SCRIPT_SANDBOXING = YES;
				GCC_C_LANGUAGE_STANDARD = gnu17;
				GCC_DYNAMIC_NO_PIC = NO;
				GCC_NO_COMMON_BLOCKS = YES;
				GCC_OPTIMIZATION_LEVEL = 0;
				GCC_PREPROCESSOR_DEFINITIONS = (
					"DEBUG=1",
					"$(inherited)",
				);
				GCC_WARN_64_TO_32_BIT_CONVERSION = YES;
				GCC_WARN_ABOUT_RETURN_TYPE = YES_ERROR;
				GCC_WARN_UNDECLARED_SELECTOR = YES;
				GCC_WARN_UNINITIALIZED_AUTOS = YES_AGGRESSIVE;
				GCC_WARN_UNUSED_FUNCTION = YES;
				GCC_WARN_UNUSED_VARIABLE = YES;
				IPHONEOS_DEPLOYMENT_TARGET = 17.2;
				LOCALIZATION_PREFERS_STRING_CATALOGS = YES;
				MTL_ENABLE_DEBUG_INFO = INCLUDE_SOURCE;
				MTL_FAST_MATH = YES;
				ONLY_ACTIVE_ARCH = YES;
				SDKROOT = iphoneos;
				SWIFT_ACTIVE_COMPILATION_CONDITIONS = "DEBUG $(inherited)";
				SWIFT_OPTIMIZATION_LEVEL = "-Onone";
			};
			name = Debug;
		};
		8F3C2E842B8FB46000BFD83D /* Release */ = {
			isa = XCBuildConfiguration;
			buildSettings = {
				ALWAYS_SEARCH_USER_PATHS = NO;
				ASSETCATALOG_COMPILER_GENERATE_SWIFT_ASSET_SYMBOL_EXTENSIONS = YES;
				CLANG_ANALYZER_NONNULL = YES;
				CLANG_ANALYZER_NUMBER_OBJECT_CONVERSION = YES_AGGRESSIVE;
				CLANG_CXX_LANGUAGE_STANDARD = "gnu++20";
				CLANG_ENABLE_MODULES = YES;
				CLANG_ENABLE_OBJC_ARC = YES;
				CLANG_ENABLE_OBJC_WEAK = YES;
				CLANG_WARN_BLOCK_CAPTURE_AUTORELEASING = YES;
				CLANG_WARN_BOOL_CONVERSION = YES;
				CLANG_WARN_COMMA = YES;
				CLANG_WARN_CONSTANT_CONVERSION = YES;
				CLANG_WARN_DEPRECATED_OBJC_IMPLEMENTATIONS = YES;
				CLANG_WARN_DIRECT_OBJC_ISA_USAGE = YES_ERROR;
				CLANG_WARN_DOCUMENTATION_COMMENTS = YES;
				CLANG_WARN_EMPTY_BODY = YES;
				CLANG_WARN_ENUM_CONVERSION = YES;
				CLANG_WARN_INFINITE_RECURSION = YES;
				CLANG_WARN_INT_CONVERSION = YES;
				CLANG_WARN_NON_LITERAL_NULL_CONVERSION = YES;
				CLANG_WARN_OBJC_IMPLICIT_RETAIN_SELF = YES;
				CLANG_WARN_OBJC_LITERAL_CONVERSION = YES;
				CLANG_WARN_OBJC_ROOT_CLASS = YES_ERROR;
				CLANG_WARN_QUOTED_INCLUDE_IN_FRAMEWORK_HEADER = YES;
				CLANG_WARN_RANGE_LOOP_ANALYSIS = YES;
				CLANG_WARN_STRICT_PROTOTYPES = YES;
				CLANG_WARN_SUSPICIOUS_MOVE = YES;
				CLANG_WARN_UNGUARDED_AVAILABILITY = YES_AGGRESSIVE;
				CLANG_WARN_UNREACHABLE_CODE = YES;
				CLANG_WARN__DUPLICATE_METHOD_MATCH = YES;
				COPY_PHASE_STRIP = NO;
				DEBUG_INFORMATION_FORMAT = "dwarf-with-dsym";
				ENABLE_NS_ASSERTIONS = NO;
				ENABLE_STRICT_OBJC_MSGSEND = YES;
				ENABLE_USER_SCRIPT_SANDBOXING = YES;
				GCC_C_LANGUAGE_STANDARD = gnu17;
				GCC_NO_COMMON_BLOCKS = YES;
				GCC_WARN_64_TO_32_BIT_CONVERSION = YES;
				GCC_WARN_ABOUT_RETURN_TYPE = YES_ERROR;
				GCC_WARN_UNDECLARED_SELECTOR = YES;
				GCC_WARN_UNINITIALIZED_AUTOS = YES_AGGRESSIVE;
				GCC_WARN_UNUSED_FUNCTION = YES;
				GCC_WARN_UNUSED_VARIABLE = YES;
				IPHONEOS_DEPLOYMENT_TARGET = 17.2;
				LOCALIZATION_PREFERS_STRING_CATALOGS = YES;
				MTL_ENABLE_DEBUG_INFO = NO;
				MTL_FAST_MATH = YES;
				SDKROOT = iphoneos;
				SWIFT_COMPILATION_MODE = wholemodule;
				VALIDATE_PRODUCT = YES;
			};
			name = Release;
		};
		8F3C2E862B8FB46000BFD83D /* Debug */ = {
			isa = XCBuildConfiguration;
			buildSettings = {
				ASSETCATALOG_COMPILER_APPICON_NAME = AppIcon;
				ASSETCATALOG_COMPILER_GLOBAL_ACCENT_COLOR_NAME = AccentColor;
				CODE_SIGN_STYLE = Automatic;
				CURRENT_PROJECT_VERSION = 1;
				DEVELOPMENT_TEAM = QF832KA9R8;
				GENERATE_INFOPLIST_FILE = YES;
				INFOPLIST_FILE = tableViewMiniApp/Info.plist;
				INFOPLIST_KEY_UIApplicationSupportsIndirectInputEvents = YES;
				INFOPLIST_KEY_UILaunchStoryboardName = LaunchScreen;
				INFOPLIST_KEY_UIMainStoryboardFile = Main;
				INFOPLIST_KEY_UISupportedInterfaceOrientations_iPad = "UIInterfaceOrientationPortrait UIInterfaceOrientationPortraitUpsideDown UIInterfaceOrientationLandscapeLeft UIInterfaceOrientationLandscapeRight";
				INFOPLIST_KEY_UISupportedInterfaceOrientations_iPhone = "UIInterfaceOrientationPortrait UIInterfaceOrientationLandscapeLeft UIInterfaceOrientationLandscapeRight";
				LD_RUNPATH_SEARCH_PATHS = (
					"$(inherited)",
					"@executable_path/Frameworks",
				);
				MARKETING_VERSION = 1.0;
				PRODUCT_BUNDLE_IDENTIFIER = com.jonahwhitney.tableViewMiniApp;
				PRODUCT_NAME = "$(TARGET_NAME)";
				SWIFT_EMIT_LOC_STRINGS = YES;
				SWIFT_VERSION = 5.0;
				TARGETED_DEVICE_FAMILY = "1,2";
			};
			name = Debug;
		};
		8F3C2E872B8FB46000BFD83D /* Release */ = {
			isa = XCBuildConfiguration;
			buildSettings = {
				ASSETCATALOG_COMPILER_APPICON_NAME = AppIcon;
				ASSETCATALOG_COMPILER_GLOBAL_ACCENT_COLOR_NAME = AccentColor;
				CODE_SIGN_STYLE = Automatic;
				CURRENT_PROJECT_VERSION = 1;
				DEVELOPMENT_TEAM = QF832KA9R8;
				GENERATE_INFOPLIST_FILE = YES;
				INFOPLIST_FILE = tableViewMiniApp/Info.plist;
				INFOPLIST_KEY_UIApplicationSupportsIndirectInputEvents = YES;
				INFOPLIST_KEY_UILaunchStoryboardName = LaunchScreen;
				INFOPLIST_KEY_UIMainStoryboardFile = Main;
				INFOPLIST_KEY_UISupportedInterfaceOrientations_iPad = "UIInterfaceOrientationPortrait UIInterfaceOrientationPortraitUpsideDown UIInterfaceOrientationLandscapeLeft UIInterfaceOrientationLandscapeRight";
				INFOPLIST_KEY_UISupportedInterfaceOrientations_iPhone = "UIInterfaceOrientationPortrait UIInterfaceOrientationLandscapeLeft UIInterfaceOrientationLandscapeRight";
				LD_RUNPATH_SEARCH_PATHS = (
					"$(inherited)",
					"@executable_path/Frameworks",
				);
				MARKETING_VERSION = 1.0;
				PRODUCT_BUNDLE_IDENTIFIER = com.jonahwhitney.tableViewMiniApp;
				PRODUCT_NAME = "$(TARGET_NAME)";
				SWIFT_EMIT_LOC_STRINGS = YES;
				SWIFT_VERSION = 5.0;
				TARGETED_DEVICE_FAMILY = "1,2";
			};
			name = Release;
		};
		8F3C2E892B8FB46000BFD83D /* Debug */ = {
			isa = XCBuildConfiguration;
			buildSettings = {
				ALWAYS_EMBED_SWIFT_STANDARD_LIBRARIES = YES;
				BUNDLE_LOADER = "$(TEST_HOST)";
				CODE_SIGN_STYLE = Automatic;
				CURRENT_PROJECT_VERSION = 1;
				DEVELOPMENT_TEAM = QF832KA9R8;
				GENERATE_INFOPLIST_FILE = YES;
				IPHONEOS_DEPLOYMENT_TARGET = 17.2;
				MARKETING_VERSION = 1.0;
				PRODUCT_BUNDLE_IDENTIFIER = com.jonahwhitney.tableViewMiniAppTests;
				PRODUCT_NAME = "$(TARGET_NAME)";
				SWIFT_EMIT_LOC_STRINGS = NO;
				SWIFT_VERSION = 5.0;
				TARGETED_DEVICE_FAMILY = "1,2";
				TEST_HOST = "$(BUILT_PRODUCTS_DIR)/tableViewMiniApp.app/$(BUNDLE_EXECUTABLE_FOLDER_PATH)/tableViewMiniApp";
			};
			name = Debug;
		};
		8F3C2E8A2B8FB46000BFD83D /* Release */ = {
			isa = XCBuildConfiguration;
			buildSettings = {
				ALWAYS_EMBED_SWIFT_STANDARD_LIBRARIES = YES;
				BUNDLE_LOADER = "$(TEST_HOST)";
				CODE_SIGN_STYLE = Automatic;
				CURRENT_PROJECT_VERSION = 1;
				DEVELOPMENT_TEAM = QF832KA9R8;
				GENERATE_INFOPLIST_FILE = YES;
				IPHONEOS_DEPLOYMENT_TARGET = 17.2;
				MARKETING_VERSION = 1.0;
				PRODUCT_BUNDLE_IDENTIFIER = com.jonahwhitney.tableViewMiniAppTests;
				PRODUCT_NAME = "$(TARGET_NAME)";
				SWIFT_EMIT_LOC_STRINGS = NO;
				SWIFT_VERSION = 5.0;
				TARGETED_DEVICE_FAMILY = "1,2";
				TEST_HOST = "$(BUILT_PRODUCTS_DIR)/tableViewMiniApp.app/$(BUNDLE_EXECUTABLE_FOLDER_PATH)/tableViewMiniApp";
			};
			name = Release;
		};
		8F3C2E8C2B8FB46000BFD83D /* Debug */ = {
			isa = XCBuildConfiguration;
			buildSettings = {
				ALWAYS_EMBED_SWIFT_STANDARD_LIBRARIES = YES;
				CODE_SIGN_STYLE = Automatic;
				CURRENT_PROJECT_VERSION = 1;
				DEVELOPMENT_TEAM = QF832KA9R8;
				GENERATE_INFOPLIST_FILE = YES;
				MARKETING_VERSION = 1.0;
				PRODUCT_BUNDLE_IDENTIFIER = com.jonahwhitney.tableViewMiniAppUITests;
				PRODUCT_NAME = "$(TARGET_NAME)";
				SWIFT_EMIT_LOC_STRINGS = NO;
				SWIFT_VERSION = 5.0;
				TARGETED_DEVICE_FAMILY = "1,2";
				TEST_TARGET_NAME = tableViewMiniApp;
			};
			name = Debug;
		};
		8F3C2E8D2B8FB46000BFD83D /* Release */ = {
			isa = XCBuildConfiguration;
			buildSettings = {
				ALWAYS_EMBED_SWIFT_STANDARD_LIBRARIES = YES;
				CODE_SIGN_STYLE = Automatic;
				CURRENT_PROJECT_VERSION = 1;
				DEVELOPMENT_TEAM = QF832KA9R8;
				GENERATE_INFOPLIST_FILE = YES;
				MARKETING_VERSION = 1.0;
				PRODUCT_BUNDLE_IDENTIFIER = com.jonahwhitney.tableViewMiniAppUITests;
				PRODUCT_NAME = "$(TARGET_NAME)";
				SWIFT_EMIT_LOC_STRINGS = NO;
				SWIFT_VERSION = 5.0;
				TARGETED_DEVICE_FAMILY = "1,2";
				TEST_TARGET_NAME = tableViewMiniApp;
			};
			name = Release;
		};
/* End XCBuildConfiguration section */

/* Begin XCConfigurationList section */
		8F3C2E562B8FB45C00BFD83D /* Build configuration list for PBXProject "tableViewMiniApp" */ = {
			isa = XCConfigurationList;
			buildConfigurations = (
				8F3C2E832B8FB46000BFD83D /* Debug */,
				8F3C2E842B8FB46000BFD83D /* Release */,
			);
			defaultConfigurationIsVisible = 0;
			defaultConfigurationName = Release;
		};
		8F3C2E852B8FB46000BFD83D /* Build configuration list for PBXNativeTarget "tableViewMiniApp" */ = {
			isa = XCConfigurationList;
			buildConfigurations = (
				8F3C2E862B8FB46000BFD83D /* Debug */,
				8F3C2E872B8FB46000BFD83D /* Release */,
			);
			defaultConfigurationIsVisible = 0;
			defaultConfigurationName = Release;
		};
		8F3C2E882B8FB46000BFD83D /* Build configuration list for PBXNativeTarget "tableViewMiniAppTests" */ = {
			isa = XCConfigurationList;
			buildConfigurations = (
				8F3C2E892B8FB46000BFD83D /* Debug */,
				8F3C2E8A2B8FB46000BFD83D /* Release */,
			);
			defaultConfigurationIsVisible = 0;
			defaultConfigurationName = Release;
		};
		8F3C2E8B2B8FB46000BFD83D /* Build configuration list for PBXNativeTarget "tableViewMiniAppUITests" */ = {
			isa = XCConfigurationList;
			buildConfigurations = (
				8F3C2E8C2B8FB46000BFD83D /* Debug */,
				8F3C2E8D2B8FB46000BFD83D /* Release */,
			);
			defaultConfigurationIsVisible = 0;
			defaultConfigurationName = Release;
		};
/* End XCConfigurationList section */
	};
	rootObject = 8F3C2E532B8FB45C00BFD83D /* Project object */;
}
